# Generated by pub
# See http://pub.dartlang.org/doc/glossary.html#lockfile
packages:
  browser:
    description: browser
    source: hosted
    version: "0.10.0+2"
  browser_detect:
    description: browser_detect
    source: hosted
    version: "1.0.3"
  dtmark:
    description:
      ref: null
      resolved-ref: "5e75d53c57caa98e6be6f67b2e6f0cf81fd8b787"
      url: "git://github.com/unknownloner/DTMark"
    source: git
    version: "0.6.1"
  vector_math:
    description: vector_math
    source: hosted
    version: "1.4.3"
