# Generated by pub
# See http://pub.dartlang.org/doc/glossary.html#lockfile
packages:
  archive:
    description: archive
    source: hosted
    version: "1.0.17"
  browser:
    description: browser
    source: hosted
    version: "0.10.0+2"
  browser_detect:
    description: browser_detect
    source: hosted
    version: "1.0.3"
  crypto:
    description: crypto
    source: hosted
    version: "0.9.0"
  dtmark:
    description: dtmark
    source: hosted
    version: "0.8.0"
  image:
    description: image
    source: hosted
    version: "1.1.22"
  petitparser:
    description: petitparser
    source: hosted
    version: "1.2.2"
  vector_math:
    description: vector_math
    source: hosted
    version: "1.4.3"
  xml:
    description: xml
    source: hosted
    version: "2.1.4"
