# Generated by pub
# See http://pub.dartlang.org/doc/glossary.html#lockfile
packages:
  browser:
    description: browser
    source: hosted
    version: "0.10.0+2"
  browser_detect:
    description: browser_detect
    source: hosted
    version: "1.0.3"
  dtmark:
    description:
      ref: null
      resolved-ref: "97c96c881efc34c2efe70db9872f1dd53de90657"
      url: "git://github.com/unknownloner/DTMark"
    source: git
    version: "0.5.0"
  vector_math:
    description: vector_math
    source: hosted
    version: "1.4.3"
